
Microsoft Visual Studio Solution File, Format Version 12.00
# Visual Studio Version 17
VisualStudioVersion = 17.3.32929.385
MinimumVisualStudioVersion = 10.0.40219.1
Project("{FAE04EC0-301F-11D3-BF4B-00C04F79EFBC}") = "Act5_DoubleLinkedList_149", "Act5_DoubleLinkedList_149\Act5_DoubleLinkedList_149.csproj", "{1916465B-D102-4418-9073-949E657F9D39}"
EndProject
Global
	GlobalSection(SolutionConfigurationPlatforms) = preSolution
		Debug|Any CPU = Debug|Any CPU
		Release|Any CPU = Release|Any CPU
	EndGlobalSection
	GlobalSection(ProjectConfigurationPlatforms) = postSolution
		{1916465B-D102-4418-9073-949E657F9D39}.Debug|Any CPU.ActiveCfg = Debug|Any CPU
		{1916465B-D102-4418-9073-949E657F9D39}.Debug|Any CPU.Build.0 = Debug|Any CPU
		{1916465B-D102-4418-9073-949E657F9D39}.Release|Any CPU.ActiveCfg = Release|Any CPU
		{1916465B-D102-4418-9073-949E657F9D39}.Release|Any CPU.Build.0 = Release|Any CPU
	EndGlobalSection
	GlobalSection(SolutionProperties) = preSolution
		HideSolutionNode = FALSE
	EndGlobalSection
	GlobalSection(ExtensibilityGlobals) = postSolution
		SolutionGuid = {BECA3CAF-81EB-4820-90A0-D488CB13719E}
	EndGlobalSection
EndGlobal
